
Microsoft Visual Studio Solution File, Format Version 12.00
# Visual Studio Version 17
VisualStudioVersion = 17.0.32014.148
MinimumVisualStudioVersion = 10.0.40219.1
Project("{9A19103F-16F7-4668-BE54-9A1E7A4F7556}") = "HiSql.GUI", "HiSql.GUI\HiSql.GUI.csproj", "{E620332E-F891-495E-B1DF-21A29B4675EF}"
EndProject
Project("{9A19103F-16F7-4668-BE54-9A1E7A4F7556}") = "HiSql.Gui.WebApi", "HiSql.Gui.WebApi\HiSql.Gui.WebApi.csproj", "{C0EEBD04-5FEF-4370-8EA6-1978E10C8913}"
EndProject
Project("{FAE04EC0-301F-11D3-BF4B-00C04F79EFBC}") = "HiSql.GUI.Test.Unit", "HiSql.GUI.Test\HiSql.GUI.Test.Unit\HiSql.GUI.Test.Unit.csproj", "{1B1A4BA6-FF10-477F-9F49-84ADA8FC4C4A}"
EndProject
Project("{2150E333-8FDC-42A3-9474-1A3956D46DE8}") = "Test", "Test", "{39FD53C3-8014-4047-BFBD-B76C3E6BFEAB}"
EndProject
Global
	GlobalSection(SolutionConfigurationPlatforms) = preSolution
		Debug|Any CPU = Debug|Any CPU
		Release|Any CPU = Release|Any CPU
	EndGlobalSection
	GlobalSection(ProjectConfigurationPlatforms) = postSolution
		{E620332E-F891-495E-B1DF-21A29B4675EF}.Debug|Any CPU.ActiveCfg = Debug|Any CPU
		{E620332E-F891-495E-B1DF-21A29B4675EF}.Debug|Any CPU.Build.0 = Debug|Any CPU
		{E620332E-F891-495E-B1DF-21A29B4675EF}.Release|Any CPU.ActiveCfg = Release|Any CPU
		{E620332E-F891-495E-B1DF-21A29B4675EF}.Release|Any CPU.Build.0 = Release|Any CPU
		{C0EEBD04-5FEF-4370-8EA6-1978E10C8913}.Debug|Any CPU.ActiveCfg = Debug|Any CPU
		{C0EEBD04-5FEF-4370-8EA6-1978E10C8913}.Debug|Any CPU.Build.0 = Debug|Any CPU
		{C0EEBD04-5FEF-4370-8EA6-1978E10C8913}.Release|Any CPU.ActiveCfg = Release|Any CPU
		{C0EEBD04-5FEF-4370-8EA6-1978E10C8913}.Release|Any CPU.Build.0 = Release|Any CPU
		{1B1A4BA6-FF10-477F-9F49-84ADA8FC4C4A}.Debug|Any CPU.ActiveCfg = Debug|Any CPU
		{1B1A4BA6-FF10-477F-9F49-84ADA8FC4C4A}.Debug|Any CPU.Build.0 = Debug|Any CPU
		{1B1A4BA6-FF10-477F-9F49-84ADA8FC4C4A}.Release|Any CPU.ActiveCfg = Release|Any CPU
		{1B1A4BA6-FF10-477F-9F49-84ADA8FC4C4A}.Release|Any CPU.Build.0 = Release|Any CPU
	EndGlobalSection
	GlobalSection(SolutionProperties) = preSolution
		HideSolutionNode = FALSE
	EndGlobalSection
	GlobalSection(NestedProjects) = preSolution
		{1B1A4BA6-FF10-477F-9F49-84ADA8FC4C4A} = {39FD53C3-8014-4047-BFBD-B76C3E6BFEAB}
	EndGlobalSection
	GlobalSection(ExtensibilityGlobals) = postSolution
		SolutionGuid = {5D57CFF2-C457-4876-BFCF-670EDA70EE43}
	EndGlobalSection
EndGlobal
